<Solution>
  <Folder Name="/src/">
    <Project Path="src/SQCD.Agv.Core/SQCD.Agv.Core.csproj" />
    <Project Path="src/SQCD.Agv.Contracts/SQCD.Agv.Contracts.csproj" />
    <Project Path="src/SQCD.Agv.Application/SQCD.Agv.Application.csproj" />
    <Project Path="src/SQCD.Agv.Infrastructure/SQCD.Agv.Infrastructure.csproj" />
    <Project Path="src/SQCD.Agv.Wpf/SQCD.Agv.Wpf.csproj" />
  </Folder>
  <Folder Name="/tools/">
    <Project Path="tools/SQCD.Agv.RuleMock/SQCD.Agv.RuleMock.csproj" />
  </Folder>
  <Folder Name="/tests/">
    <Project Path="tests/SQCD.Agv.UnitTests/SQCD.Agv.UnitTests.csproj" />
  </Folder>
</Solution>
