{
  "version": 2,
  "dependencies": {
    "net8.0-windows7.0": {
      "SQLitePCLRaw.core": {
        "type": "Transitive",
        "resolved": "2.1.12",
        "contentHash": "ETpNw9DY3ckWLgRRAeCHj+GKOuPi61aeczkXhgHexUvqoZBAYg8RYESE2J7O1M7+o6QbdSEZwrw9bfqztUVWXg==",
        "dependencies": {
          "System.Memory": "4.5.3"
        }
      },
      "System.Memory": {
        "type": "Transitive",
        "resolved": "4.5.3",
        "contentHash": "3oDzvc/zzetpTKWMShs1AADwZjQ/36HnsufHRPcOjyRAAMLDlu2iD33MBI2opxnezcVUtXyqDXXjoFMOU9c7SA=="
      },
      "sqcd.agv.application": {
        "type": "Project",
        "dependencies": {
          "SQCD.Agv.Core": "[0.2.0, )"
        }
      },
      "sqcd.agv.automationhost": {
        "type": "Project",
        "dependencies": {
          "SQCD.Agv.Core": "[0.2.0, )"
        }
      },
      "sqcd.agv.contracts": {
        "type": "Project"
      },
      "sqcd.agv.core": {
        "type": "Project"
      },
      "sqcd.agv.infrastructure": {
        "type": "Project",
        "dependencies": {
          "Microsoft.Data.Sqlite.Core": "[8.0.30, )",
          "SQCD.Agv.Contracts": "[0.2.0, )",
          "SQCD.Agv.Core": "[0.2.0, )",
          "SQLitePCLRaw.provider.winsqlite3": "[2.1.11, )"
        }
      },
      "Microsoft.Data.Sqlite.Core": {
        "type": "CentralTransitive",
        "requested": "[8.0.30, )",
        "resolved": "8.0.30",
        "contentHash": "FKUTPr2IfjcCdcKVCmpjt1x/nafhTlwau6IZagZJNS+rrOxA9MxN4Snuh7jzY/fBwy1WPOldl+5QGz/wrpy0zw==",
        "dependencies": {
          "SQLitePCLRaw.core": "2.1.12"
        }
      },
      "SQLitePCLRaw.provider.winsqlite3": {
        "type": "CentralTransitive",
        "requested": "[2.1.11, )",
        "resolved": "2.1.11",
        "contentHash": "UpH9v68yuLAN3nvXB96s6GE3/tQhG1WnXenNJL/HulgfJAQ5S6ZT6BUy/sDFo5WpqaS0npBbW1z6szWlu6a4Xg==",
        "dependencies": {
          "SQLitePCLRaw.core": "2.1.11"
        }
      }
    },
    "net8.0-windows7.0/win-x64": {}
  }
}